
Microsoft Visual Studio Solution File, Format Version 12.00
# Visual Studio Version 17
VisualStudioVersion = 17.10.34916.146
MinimumVisualStudioVersion = 10.0.40219.1
Project("{FAE04EC0-301F-11D3-BF4B-00C04F79EFBC}") = "LethalWashing", "LethalWashing.csproj", "{718B45E7-6336-4B55-8720-57F27DCE3299}"
EndProject
Global
	GlobalSection(SolutionConfigurationPlatforms) = preSolution
		Debug|Any CPU = Debug|Any CPU
		Release|Any CPU = Release|Any CPU
	EndGlobalSection
	GlobalSection(ProjectConfigurationPlatforms) = postSolution
		{718B45E7-6336-4B55-8720-57F27DCE3299}.Debug|Any CPU.ActiveCfg = Debug|Any CPU
		{718B45E7-6336-4B55-8720-57F27DCE3299}.Debug|Any CPU.Build.0 = Debug|Any CPU
		{718B45E7-6336-4B55-8720-57F27DCE3299}.Release|Any CPU.ActiveCfg = Release|Any CPU
		{718B45E7-6336-4B55-8720-57F27DCE3299}.Release|Any CPU.Build.0 = Release|Any CPU
	EndGlobalSection
	GlobalSection(SolutionProperties) = preSolution
		HideSolutionNode = FALSE
	EndGlobalSection
	GlobalSection(ExtensibilityGlobals) = postSolution
		SolutionGuid = {C2786A09-897A-4B92-96FB-0E324A9BDBA7}
	EndGlobalSection
EndGlobal
